
Microsoft Visual Studio Solution File, Format Version 12.00
# Visual Studio 15
VisualStudioVersion = 15.0.26730.15
MinimumVisualStudioVersion = 10.0.40219.1
Project("{9A19103F-16F7-4668-BE54-9A1E7A4F7556}") = "hashcode.tools", "hashcode.tools\hashcode.tools.csproj", "{EDB2BAEB-1B9A-4D44-ACF9-DEF4C99AD28A}"
EndProject
Project("{9A19103F-16F7-4668-BE54-9A1E7A4F7556}") = "hashcode.march", "hashcode.march\hashcode.march.csproj", "{19760890-9851-42AD-B115-74E2EE42E7E3}"
EndProject
Project("{FAE04EC0-301F-11D3-BF4B-00C04F79EFBC}") = "hashcode.2020", "hashcode.2020\hashcode.2020.csproj", "{2C4C1166-32CD-4FEB-8F90-2A712438EE75}"
EndProject
Global
	GlobalSection(SolutionConfigurationPlatforms) = preSolution
		Debug|Any CPU = Debug|Any CPU
		Release|Any CPU = Release|Any CPU
	EndGlobalSection
	GlobalSection(ProjectConfigurationPlatforms) = postSolution
		{EDB2BAEB-1B9A-4D44-ACF9-DEF4C99AD28A}.Debug|Any CPU.ActiveCfg = Debug|Any CPU
		{EDB2BAEB-1B9A-4D44-ACF9-DEF4C99AD28A}.Debug|Any CPU.Build.0 = Debug|Any CPU
		{EDB2BAEB-1B9A-4D44-ACF9-DEF4C99AD28A}.Release|Any CPU.ActiveCfg = Release|Any CPU
		{EDB2BAEB-1B9A-4D44-ACF9-DEF4C99AD28A}.Release|Any CPU.Build.0 = Release|Any CPU
		{19760890-9851-42AD-B115-74E2EE42E7E3}.Debug|Any CPU.ActiveCfg = Debug|Any CPU
		{19760890-9851-42AD-B115-74E2EE42E7E3}.Debug|Any CPU.Build.0 = Debug|Any CPU
		{19760890-9851-42AD-B115-74E2EE42E7E3}.Release|Any CPU.ActiveCfg = Release|Any CPU
		{19760890-9851-42AD-B115-74E2EE42E7E3}.Release|Any CPU.Build.0 = Release|Any CPU
		{2C4C1166-32CD-4FEB-8F90-2A712438EE75}.Debug|Any CPU.ActiveCfg = Debug|Any CPU
		{2C4C1166-32CD-4FEB-8F90-2A712438EE75}.Debug|Any CPU.Build.0 = Debug|Any CPU
		{2C4C1166-32CD-4FEB-8F90-2A712438EE75}.Release|Any CPU.ActiveCfg = Release|Any CPU
		{2C4C1166-32CD-4FEB-8F90-2A712438EE75}.Release|Any CPU.Build.0 = Release|Any CPU
	EndGlobalSection
	GlobalSection(SolutionProperties) = preSolution
		HideSolutionNode = FALSE
	EndGlobalSection
	GlobalSection(ExtensibilityGlobals) = postSolution
		SolutionGuid = {6E9311FF-7828-4E12-8996-F43FF02DBF40}
	EndGlobalSection
EndGlobal
